
Microsoft Visual Studio Solution File, Format Version 12.00
# Visual Studio Version 17
VisualStudioVersion = 17.0.32014.148
MinimumVisualStudioVersion = 10.0.40219.1
Project("{9A19103F-16F7-4668-BE54-9A1E7A4F7556}") = "TelegramUpdater", "TelegramUpdater\TelegramUpdater.csproj", "{035C52FE-7687-474A-8B7D-A0CFB9B3246F}"
EndProject
Project("{2150E333-8FDC-42A3-9474-1A3956D46DE8}") = "Solution Items", "Solution Items", "{6800D424-9ED3-4118-9B88-DFD846FE30F3}"
	ProjectSection(SolutionItems) = preProject
		README.md = README.md
	EndProjectSection
EndProject
Project("{9A19103F-16F7-4668-BE54-9A1E7A4F7556}") = "UpdaterProduction", "Examples\UpdaterProduction\UpdaterProduction.csproj", "{703F75D8-BB4E-4793-8AA7-2CF95E2B8768}"
EndProject
Project("{9A19103F-16F7-4668-BE54-9A1E7A4F7556}") = "TelegramUpdater.Asp", "TelegramUpdater.Asp\TelegramUpdater.Asp.csproj", "{387FAA35-19C0-452C-A415-D61410C100BC}"
EndProject
Project("{9A19103F-16F7-4668-BE54-9A1E7A4F7556}") = "WorkerService", "Examples\WorkerService\WorkerService.csproj", "{23B95CE9-AE8A-421E-A538-EB6C6CFBA0AC}"
EndProject
Project("{9A19103F-16F7-4668-BE54-9A1E7A4F7556}") = "WebhookApp", "Examples\WebhookApp\WebhookApp.csproj", "{C205115C-4705-471F-A085-82E9D53F88F0}"
EndProject
Global
	GlobalSection(SolutionConfigurationPlatforms) = preSolution
		Debug|Any CPU = Debug|Any CPU
		Release|Any CPU = Release|Any CPU
	EndGlobalSection
	GlobalSection(ProjectConfigurationPlatforms) = postSolution
		{035C52FE-7687-474A-8B7D-A0CFB9B3246F}.Debug|Any CPU.ActiveCfg = Debug|Any CPU
		{035C52FE-7687-474A-8B7D-A0CFB9B3246F}.Debug|Any CPU.Build.0 = Debug|Any CPU
		{035C52FE-7687-474A-8B7D-A0CFB9B3246F}.Release|Any CPU.ActiveCfg = Release|Any CPU
		{035C52FE-7687-474A-8B7D-A0CFB9B3246F}.Release|Any CPU.Build.0 = Release|Any CPU
		{703F75D8-BB4E-4793-8AA7-2CF95E2B8768}.Debug|Any CPU.ActiveCfg = Debug|Any CPU
		{703F75D8-BB4E-4793-8AA7-2CF95E2B8768}.Debug|Any CPU.Build.0 = Debug|Any CPU
		{703F75D8-BB4E-4793-8AA7-2CF95E2B8768}.Release|Any CPU.ActiveCfg = Release|Any CPU
		{703F75D8-BB4E-4793-8AA7-2CF95E2B8768}.Release|Any CPU.Build.0 = Release|Any CPU
		{387FAA35-19C0-452C-A415-D61410C100BC}.Debug|Any CPU.ActiveCfg = Debug|Any CPU
		{387FAA35-19C0-452C-A415-D61410C100BC}.Debug|Any CPU.Build.0 = Debug|Any CPU
		{387FAA35-19C0-452C-A415-D61410C100BC}.Release|Any CPU.ActiveCfg = Release|Any CPU
		{387FAA35-19C0-452C-A415-D61410C100BC}.Release|Any CPU.Build.0 = Release|Any CPU
		{23B95CE9-AE8A-421E-A538-EB6C6CFBA0AC}.Debug|Any CPU.ActiveCfg = Debug|Any CPU
		{23B95CE9-AE8A-421E-A538-EB6C6CFBA0AC}.Debug|Any CPU.Build.0 = Debug|Any CPU
		{23B95CE9-AE8A-421E-A538-EB6C6CFBA0AC}.Release|Any CPU.ActiveCfg = Release|Any CPU
		{23B95CE9-AE8A-421E-A538-EB6C6CFBA0AC}.Release|Any CPU.Build.0 = Release|Any CPU
		{C205115C-4705-471F-A085-82E9D53F88F0}.Debug|Any CPU.ActiveCfg = Debug|Any CPU
		{C205115C-4705-471F-A085-82E9D53F88F0}.Debug|Any CPU.Build.0 = Debug|Any CPU
		{C205115C-4705-471F-A085-82E9D53F88F0}.Release|Any CPU.ActiveCfg = Release|Any CPU
		{C205115C-4705-471F-A085-82E9D53F88F0}.Release|Any CPU.Build.0 = Release|Any CPU
	EndGlobalSection
	GlobalSection(SolutionProperties) = preSolution
		HideSolutionNode = FALSE
	EndGlobalSection
	GlobalSection(ExtensibilityGlobals) = postSolution
		SolutionGuid = {CA1ADBDA-027E-4C1E-B164-4534E085CEF1}
	EndGlobalSection
EndGlobal
