
Microsoft Visual Studio Solution File, Format Version 12.00
# Visual Studio Version 17
VisualStudioVersion = 17.0.32014.148
MinimumVisualStudioVersion = 10.0.40219.1
Project("{9A19103F-16F7-4668-BE54-9A1E7A4F7556}") = "TelegramUpdater", "TelegramUpdater\TelegramUpdater.csproj", "{035C52FE-7687-474A-8B7D-A0CFB9B3246F}"
EndProject
Project("{2150E333-8FDC-42A3-9474-1A3956D46DE8}") = "Solution Items", "Solution Items", "{6800D424-9ED3-4118-9B88-DFD846FE30F3}"
	ProjectSection(SolutionItems) = preProject
		LICENSE = LICENSE
		README.md = README.md
	EndProjectSection
EndProject
Project("{9A19103F-16F7-4668-BE54-9A1E7A4F7556}") = "UpdaterProduction", "Examples\UpdaterProduction\UpdaterProduction.csproj", "{703F75D8-BB4E-4793-8AA7-2CF95E2B8768}"
EndProject
Project("{9A19103F-16F7-4668-BE54-9A1E7A4F7556}") = "TelegramUpdater.Asp", "TelegramUpdater.Asp\TelegramUpdater.Asp.csproj", "{387FAA35-19C0-452C-A415-D61410C100BC}"
EndProject
Project("{9A19103F-16F7-4668-BE54-9A1E7A4F7556}") = "WorkerService", "Examples\WorkerService\WorkerService.csproj", "{23B95CE9-AE8A-421E-A538-EB6C6CFBA0AC}"
EndProject
Project("{9A19103F-16F7-4668-BE54-9A1E7A4F7556}") = "WebhookApp", "Examples\WebhookApp\WebhookApp.csproj", "{C205115C-4705-471F-A085-82E9D53F88F0}"
EndProject
Project("{2150E333-8FDC-42A3-9474-1A3956D46DE8}") = "Examples", "Examples", "{A9396C0C-309C-408F-BD83-91C9E05534EC}"
EndProject
Project("{9A19103F-16F7-4668-BE54-9A1E7A4F7556}") = "TelegramUpdater.Hosting", "TelegramUpdater.Hosting\TelegramUpdater.Hosting.csproj", "{D148E6FE-E56D-4FEB-A504-1685080C0FEC}"
EndProject
Project("{9A19103F-16F7-4668-BE54-9A1E7A4F7556}") = "ConsoleApp", "Examples\ConsoleApp\ConsoleApp.csproj", "{CEFF8941-A2B8-43EB-9189-813594D9B251}"
EndProject
Project("{9A19103F-16F7-4668-BE54-9A1E7A4F7556}") = "ManualWriterWorker", "Examples\ManualWriterWorker\ManualWriterWorker.csproj", "{7F38D493-47E7-4E0D-805B-371F3942732E}"
EndProject
Project("{2150E333-8FDC-42A3-9474-1A3956D46DE8}") = "Tests", "Tests", "{151D3B83-7F8A-4319-BF2C-18A8DC123C1C}"
EndProject
Project("{9A19103F-16F7-4668-BE54-9A1E7A4F7556}") = "TelegramUpdaterTests", "Tests\TelegramUpdaterTests\TelegramUpdaterTests.csproj", "{06060479-0A1C-4553-B793-CEF7371D1565}"
EndProject
Project("{9A19103F-16F7-4668-BE54-9A1E7A4F7556}") = "TelegramUpdater.RainbowUtlities", "..\RainbowUtlities\TelegramUpdater.RainbowUtlities\TelegramUpdater.RainbowUtlities.csproj", "{0147F08E-165F-4B06-B548-A0E533068634}"
EndProject
Global
	GlobalSection(SolutionConfigurationPlatforms) = preSolution
		Debug|Any CPU = Debug|Any CPU
		Release|Any CPU = Release|Any CPU
	EndGlobalSection
	GlobalSection(ProjectConfigurationPlatforms) = postSolution
		{035C52FE-7687-474A-8B7D-A0CFB9B3246F}.Debug|Any CPU.ActiveCfg = Debug|Any CPU
		{035C52FE-7687-474A-8B7D-A0CFB9B3246F}.Debug|Any CPU.Build.0 = Debug|Any CPU
		{035C52FE-7687-474A-8B7D-A0CFB9B3246F}.Release|Any CPU.ActiveCfg = Release|Any CPU
		{035C52FE-7687-474A-8B7D-A0CFB9B3246F}.Release|Any CPU.Build.0 = Release|Any CPU
		{703F75D8-BB4E-4793-8AA7-2CF95E2B8768}.Debug|Any CPU.ActiveCfg = Debug|Any CPU
		{703F75D8-BB4E-4793-8AA7-2CF95E2B8768}.Debug|Any CPU.Build.0 = Debug|Any CPU
		{703F75D8-BB4E-4793-8AA7-2CF95E2B8768}.Release|Any CPU.ActiveCfg = Release|Any CPU
		{703F75D8-BB4E-4793-8AA7-2CF95E2B8768}.Release|Any CPU.Build.0 = Release|Any CPU
		{387FAA35-19C0-452C-A415-D61410C100BC}.Debug|Any CPU.ActiveCfg = Debug|Any CPU
		{387FAA35-19C0-452C-A415-D61410C100BC}.Debug|Any CPU.Build.0 = Debug|Any CPU
		{387FAA35-19C0-452C-A415-D61410C100BC}.Release|Any CPU.ActiveCfg = Release|Any CPU
		{387FAA35-19C0-452C-A415-D61410C100BC}.Release|Any CPU.Build.0 = Release|Any CPU
		{23B95CE9-AE8A-421E-A538-EB6C6CFBA0AC}.Debug|Any CPU.ActiveCfg = Debug|Any CPU
		{23B95CE9-AE8A-421E-A538-EB6C6CFBA0AC}.Debug|Any CPU.Build.0 = Debug|Any CPU
		{23B95CE9-AE8A-421E-A538-EB6C6CFBA0AC}.Release|Any CPU.ActiveCfg = Release|Any CPU
		{23B95CE9-AE8A-421E-A538-EB6C6CFBA0AC}.Release|Any CPU.Build.0 = Release|Any CPU
		{C205115C-4705-471F-A085-82E9D53F88F0}.Debug|Any CPU.ActiveCfg = Debug|Any CPU
		{C205115C-4705-471F-A085-82E9D53F88F0}.Debug|Any CPU.Build.0 = Debug|Any CPU
		{C205115C-4705-471F-A085-82E9D53F88F0}.Release|Any CPU.ActiveCfg = Release|Any CPU
		{C205115C-4705-471F-A085-82E9D53F88F0}.Release|Any CPU.Build.0 = Release|Any CPU
		{D148E6FE-E56D-4FEB-A504-1685080C0FEC}.Debug|Any CPU.ActiveCfg = Debug|Any CPU
		{D148E6FE-E56D-4FEB-A504-1685080C0FEC}.Debug|Any CPU.Build.0 = Debug|Any CPU
		{D148E6FE-E56D-4FEB-A504-1685080C0FEC}.Release|Any CPU.ActiveCfg = Release|Any CPU
		{D148E6FE-E56D-4FEB-A504-1685080C0FEC}.Release|Any CPU.Build.0 = Release|Any CPU
		{CEFF8941-A2B8-43EB-9189-813594D9B251}.Debug|Any CPU.ActiveCfg = Debug|Any CPU
		{CEFF8941-A2B8-43EB-9189-813594D9B251}.Debug|Any CPU.Build.0 = Debug|Any CPU
		{CEFF8941-A2B8-43EB-9189-813594D9B251}.Release|Any CPU.ActiveCfg = Release|Any CPU
		{CEFF8941-A2B8-43EB-9189-813594D9B251}.Release|Any CPU.Build.0 = Release|Any CPU
		{7F38D493-47E7-4E0D-805B-371F3942732E}.Debug|Any CPU.ActiveCfg = Debug|Any CPU
		{7F38D493-47E7-4E0D-805B-371F3942732E}.Debug|Any CPU.Build.0 = Debug|Any CPU
		{7F38D493-47E7-4E0D-805B-371F3942732E}.Release|Any CPU.ActiveCfg = Release|Any CPU
		{7F38D493-47E7-4E0D-805B-371F3942732E}.Release|Any CPU.Build.0 = Release|Any CPU
		{06060479-0A1C-4553-B793-CEF7371D1565}.Debug|Any CPU.ActiveCfg = Debug|Any CPU
		{06060479-0A1C-4553-B793-CEF7371D1565}.Debug|Any CPU.Build.0 = Debug|Any CPU
		{06060479-0A1C-4553-B793-CEF7371D1565}.Release|Any CPU.ActiveCfg = Release|Any CPU
		{06060479-0A1C-4553-B793-CEF7371D1565}.Release|Any CPU.Build.0 = Release|Any CPU
		{0147F08E-165F-4B06-B548-A0E533068634}.Debug|Any CPU.ActiveCfg = Debug|Any CPU
		{0147F08E-165F-4B06-B548-A0E533068634}.Debug|Any CPU.Build.0 = Debug|Any CPU
		{0147F08E-165F-4B06-B548-A0E533068634}.Release|Any CPU.ActiveCfg = Release|Any CPU
		{0147F08E-165F-4B06-B548-A0E533068634}.Release|Any CPU.Build.0 = Release|Any CPU
	EndGlobalSection
	GlobalSection(SolutionProperties) = preSolution
		HideSolutionNode = FALSE
	EndGlobalSection
	GlobalSection(NestedProjects) = preSolution
		{703F75D8-BB4E-4793-8AA7-2CF95E2B8768} = {A9396C0C-309C-408F-BD83-91C9E05534EC}
		{23B95CE9-AE8A-421E-A538-EB6C6CFBA0AC} = {A9396C0C-309C-408F-BD83-91C9E05534EC}
		{C205115C-4705-471F-A085-82E9D53F88F0} = {A9396C0C-309C-408F-BD83-91C9E05534EC}
		{CEFF8941-A2B8-43EB-9189-813594D9B251} = {A9396C0C-309C-408F-BD83-91C9E05534EC}
		{7F38D493-47E7-4E0D-805B-371F3942732E} = {A9396C0C-309C-408F-BD83-91C9E05534EC}
		{06060479-0A1C-4553-B793-CEF7371D1565} = {151D3B83-7F8A-4319-BF2C-18A8DC123C1C}
	EndGlobalSection
	GlobalSection(ExtensibilityGlobals) = postSolution
		SolutionGuid = {CA1ADBDA-027E-4C1E-B164-4534E085CEF1}
	EndGlobalSection
EndGlobal
