
Microsoft Visual Studio Solution File, Format Version 12.00
# Visual Studio Version 17
VisualStudioVersion = 17.0.32014.148
MinimumVisualStudioVersion = 10.0.40219.1
Project("{2150E333-8FDC-42A3-9474-1A3956D46DE8}") = "Solution Items", "Solution Items", "{6800D424-9ED3-4118-9B88-DFD846FE30F3}"
	ProjectSection(SolutionItems) = preProject
		.editorconfig = .editorconfig
		.github\workflows\dotnet.yml = .github\workflows\dotnet.yml
		global.json = global.json
		LICENSE = LICENSE
		.github\workflows\publish-nuget.yml = .github\workflows\publish-nuget.yml
		README.md = README.md
	EndProjectSection
EndProject
Project("{2150E333-8FDC-42A3-9474-1A3956D46DE8}") = "Tests", "Tests", "{151D3B83-7F8A-4319-BF2C-18A8DC123C1C}"
EndProject
Project("{9A19103F-16F7-4668-BE54-9A1E7A4F7556}") = "TelegramUpdaterTests", "Tests\TelegramUpdaterTests\TelegramUpdaterTests.csproj", "{06060479-0A1C-4553-B793-CEF7371D1565}"
EndProject
Project("{2150E333-8FDC-42A3-9474-1A3956D46DE8}") = "Src", "Src", "{11988D00-6ECB-4160-B4CE-A69B54A89CF5}"
EndProject
Project("{9A19103F-16F7-4668-BE54-9A1E7A4F7556}") = "TelegramUpdater", "Src\TelegramUpdater\TelegramUpdater.csproj", "{5F7374D6-29BE-4318-B0C7-AC097494A3F6}"
EndProject
Project("{2150E333-8FDC-42A3-9474-1A3956D46DE8}") = "Examples", "Examples", "{3C284987-3AE9-426A-829E-8842D30AE69D}"
EndProject
Project("{FAE04EC0-301F-11D3-BF4B-00C04F79EFBC}") = "Playground", "Examples\Playground\Playground.csproj", "{F440C1E3-513B-4B8B-9D8F-7F730C089133}"
EndProject
Global
	GlobalSection(SolutionConfigurationPlatforms) = preSolution
		Debug|Any CPU = Debug|Any CPU
		Release|Any CPU = Release|Any CPU
	EndGlobalSection
	GlobalSection(ProjectConfigurationPlatforms) = postSolution
		{06060479-0A1C-4553-B793-CEF7371D1565}.Debug|Any CPU.ActiveCfg = Debug|Any CPU
		{06060479-0A1C-4553-B793-CEF7371D1565}.Debug|Any CPU.Build.0 = Debug|Any CPU
		{06060479-0A1C-4553-B793-CEF7371D1565}.Release|Any CPU.ActiveCfg = Release|Any CPU
		{06060479-0A1C-4553-B793-CEF7371D1565}.Release|Any CPU.Build.0 = Release|Any CPU
		{5F7374D6-29BE-4318-B0C7-AC097494A3F6}.Debug|Any CPU.ActiveCfg = Debug|Any CPU
		{5F7374D6-29BE-4318-B0C7-AC097494A3F6}.Debug|Any CPU.Build.0 = Debug|Any CPU
		{5F7374D6-29BE-4318-B0C7-AC097494A3F6}.Release|Any CPU.ActiveCfg = Release|Any CPU
		{5F7374D6-29BE-4318-B0C7-AC097494A3F6}.Release|Any CPU.Build.0 = Release|Any CPU
		{F440C1E3-513B-4B8B-9D8F-7F730C089133}.Debug|Any CPU.ActiveCfg = Debug|Any CPU
		{F440C1E3-513B-4B8B-9D8F-7F730C089133}.Debug|Any CPU.Build.0 = Debug|Any CPU
		{F440C1E3-513B-4B8B-9D8F-7F730C089133}.Release|Any CPU.ActiveCfg = Release|Any CPU
		{F440C1E3-513B-4B8B-9D8F-7F730C089133}.Release|Any CPU.Build.0 = Release|Any CPU
	EndGlobalSection
	GlobalSection(SolutionProperties) = preSolution
		HideSolutionNode = FALSE
	EndGlobalSection
	GlobalSection(NestedProjects) = preSolution
		{06060479-0A1C-4553-B793-CEF7371D1565} = {151D3B83-7F8A-4319-BF2C-18A8DC123C1C}
		{5F7374D6-29BE-4318-B0C7-AC097494A3F6} = {11988D00-6ECB-4160-B4CE-A69B54A89CF5}
		{F440C1E3-513B-4B8B-9D8F-7F730C089133} = {3C284987-3AE9-426A-829E-8842D30AE69D}
	EndGlobalSection
	GlobalSection(ExtensibilityGlobals) = postSolution
		SolutionGuid = {CA1ADBDA-027E-4C1E-B164-4534E085CEF1}
	EndGlobalSection
EndGlobal
